
Microsoft Visual Studio Solution File, Format Version 12.00
# Visual Studio Version 16
VisualStudioVersion = 16.0.32413.511
MinimumVisualStudioVersion = 10.0.40219.1
Project("{8BC9CEB8-8B4A-11D0-8D11-00A0C91BC942}") = "ATLProject2", "ATLProject2.vcxproj", "{71BB9779-6218-4618-90B8-F1DEFE2E9DF6}"
EndProject
Project("{8BC9CEB8-8B4A-11D0-8D11-00A0C91BC942}") = "ATLProject2PS", "ATLProject2PS\ATLProject2PS.vcxproj", "{1BC27572-BE8C-4407-9C98-460C53F0E604}"
	ProjectSection(ProjectDependencies) = postProject
		{71BB9779-6218-4618-90B8-F1DEFE2E9DF6} = {71BB9779-6218-4618-90B8-F1DEFE2E9DF6}
	EndProjectSection
EndProject
Project("{8BC9CEB8-8B4A-11D0-8D11-00A0C91BC942}") = "ConsoleApplication1", "..\ConsoleApplication1\ConsoleApplication1.vcxproj", "{E194CF33-99C6-4241-8B76-7A167841E5E3}"
EndProject
Global
	GlobalSection(SolutionConfigurationPlatforms) = preSolution
		Debug|x64 = Debug|x64
		Debug|x86 = Debug|x86
		Release|x64 = Release|x64
		Release|x86 = Release|x86
	EndGlobalSection
	GlobalSection(ProjectConfigurationPlatforms) = postSolution
		{71BB9779-6218-4618-90B8-F1DEFE2E9DF6}.Debug|x64.ActiveCfg = Debug|x64
		{71BB9779-6218-4618-90B8-F1DEFE2E9DF6}.Debug|x64.Build.0 = Debug|x64
		{71BB9779-6218-4618-90B8-F1DEFE2E9DF6}.Debug|x86.ActiveCfg = Debug|Win32
		{71BB9779-6218-4618-90B8-F1DEFE2E9DF6}.Debug|x86.Build.0 = Debug|Win32
		{71BB9779-6218-4618-90B8-F1DEFE2E9DF6}.Release|x64.ActiveCfg = Release|x64
		{71BB9779-6218-4618-90B8-F1DEFE2E9DF6}.Release|x64.Build.0 = Release|x64
		{71BB9779-6218-4618-90B8-F1DEFE2E9DF6}.Release|x86.ActiveCfg = Release|Win32
		{71BB9779-6218-4618-90B8-F1DEFE2E9DF6}.Release|x86.Build.0 = Release|Win32
		{1BC27572-BE8C-4407-9C98-460C53F0E604}.Debug|x64.ActiveCfg = Debug|x64
		{1BC27572-BE8C-4407-9C98-460C53F0E604}.Debug|x86.ActiveCfg = Debug|Win32
		{1BC27572-BE8C-4407-9C98-460C53F0E604}.Release|x64.ActiveCfg = Release|x64
		{1BC27572-BE8C-4407-9C98-460C53F0E604}.Release|x86.ActiveCfg = Release|Win32
		{E194CF33-99C6-4241-8B76-7A167841E5E3}.Debug|x64.ActiveCfg = Debug|x64
		{E194CF33-99C6-4241-8B76-7A167841E5E3}.Debug|x64.Build.0 = Debug|x64
		{E194CF33-99C6-4241-8B76-7A167841E5E3}.Debug|x86.ActiveCfg = Debug|Win32
		{E194CF33-99C6-4241-8B76-7A167841E5E3}.Debug|x86.Build.0 = Debug|Win32
		{E194CF33-99C6-4241-8B76-7A167841E5E3}.Release|x64.ActiveCfg = Release|x64
		{E194CF33-99C6-4241-8B76-7A167841E5E3}.Release|x64.Build.0 = Release|x64
		{E194CF33-99C6-4241-8B76-7A167841E5E3}.Release|x86.ActiveCfg = Release|Win32
		{E194CF33-99C6-4241-8B76-7A167841E5E3}.Release|x86.Build.0 = Release|Win32
	EndGlobalSection
	GlobalSection(SolutionProperties) = preSolution
		HideSolutionNode = FALSE
	EndGlobalSection
	GlobalSection(ExtensibilityGlobals) = postSolution
		SolutionGuid = {C0017566-7728-4DDA-AD2F-361C904E123E}
	EndGlobalSection
EndGlobal
